
Microsoft Visual Studio Solution File, Format Version 12.00
# Visual Studio 15
VisualStudioVersion = 15.0.28010.2046
MinimumVisualStudioVersion = 10.0.40219.1
Project("{00D1A9C2-B5F0-4AF3-8072-F6C62B433612}") = "Expedition.Storage", "Expedition.Storage\Expedition.Storage.sqlproj", "{47092D0E-BC11-409F-A27D-97EEF0B51D22}"
EndProject
Global
	GlobalSection(SolutionConfigurationPlatforms) = preSolution
		Debug|Any CPU = Debug|Any CPU
		Release|Any CPU = Release|Any CPU
	EndGlobalSection
	GlobalSection(ProjectConfigurationPlatforms) = postSolution
		{47092D0E-BC11-409F-A27D-97EEF0B51D22}.Debug|Any CPU.ActiveCfg = Debug|Any CPU
		{47092D0E-BC11-409F-A27D-97EEF0B51D22}.Debug|Any CPU.Build.0 = Debug|Any CPU
		{47092D0E-BC11-409F-A27D-97EEF0B51D22}.Debug|Any CPU.Deploy.0 = Debug|Any CPU
		{47092D0E-BC11-409F-A27D-97EEF0B51D22}.Release|Any CPU.ActiveCfg = Release|Any CPU
		{47092D0E-BC11-409F-A27D-97EEF0B51D22}.Release|Any CPU.Build.0 = Release|Any CPU
		{47092D0E-BC11-409F-A27D-97EEF0B51D22}.Release|Any CPU.Deploy.0 = Release|Any CPU
	EndGlobalSection
	GlobalSection(SolutionProperties) = preSolution
		HideSolutionNode = FALSE
	EndGlobalSection
	GlobalSection(ExtensibilityGlobals) = postSolution
		SolutionGuid = {445D3069-4D1A-4E1C-B8B2-CB1775BB5403}
	EndGlobalSection
EndGlobal
